
Microsoft Visual Studio Solution File, Format Version 12.00
# Visual Studio Version 16
VisualStudioVersion = 16.0.31205.134
MinimumVisualStudioVersion = 10.0.40219.1
Project("{9A19103F-16F7-4668-BE54-9A1E7A4F7556}") = "TAM.Service", "TAM.Service\TAM.Service.csproj", "{1929E219-FFB8-46DD-9A89-A8B8C548FE2C}"
EndProject
Global
	GlobalSection(SolutionConfigurationPlatforms) = preSolution
		Debug|Any CPU = Debug|Any CPU
		Release|Any CPU = Release|Any CPU
	EndGlobalSection
	GlobalSection(ProjectConfigurationPlatforms) = postSolution
		{1929E219-FFB8-46DD-9A89-A8B8C548FE2C}.Debug|Any CPU.ActiveCfg = Debug|Any CPU
		{1929E219-FFB8-46DD-9A89-A8B8C548FE2C}.Debug|Any CPU.Build.0 = Debug|Any CPU
		{1929E219-FFB8-46DD-9A89-A8B8C548FE2C}.Release|Any CPU.ActiveCfg = Release|Any CPU
		{1929E219-FFB8-46DD-9A89-A8B8C548FE2C}.Release|Any CPU.Build.0 = Release|Any CPU
	EndGlobalSection
	GlobalSection(SolutionProperties) = preSolution
		HideSolutionNode = FALSE
	EndGlobalSection
	GlobalSection(ExtensibilityGlobals) = postSolution
		SolutionGuid = {5A33B3EB-CE76-4BA1-8F83-0EFC05464017}
	EndGlobalSection
EndGlobal
